
Microsoft Visual Studio Solution File, Format Version 11.00
# Visual Studio 2010
Project("{FAE04EC0-301F-11D3-BF4B-00C04F79EFBC}") = "Assembly-CSharp", "Assembly-CSharp.csproj", "{1313430E-089D-014A-6ED0-237E031716B2}"
EndProject
Project("{FAE04EC0-301F-11D3-BF4B-00C04F79EFBC}") = "Assembly-CSharp-Editor", "Assembly-CSharp-Editor.csproj", "{0D8AB858-255B-85A7-DD3F-022F4654BC51}"
EndProject
Global
	GlobalSection(SolutionConfigurationPlatforms) = preSolution
		Debug|Any CPU = Debug|Any CPU
		Release|Any CPU = Release|Any CPU
	EndGlobalSection
	GlobalSection(ProjectConfigurationPlatforms) = postSolution
		{1313430E-089D-014A-6ED0-237E031716B2}.Debug|Any CPU.ActiveCfg = Debug|Any CPU
		{1313430E-089D-014A-6ED0-237E031716B2}.Debug|Any CPU.Build.0 = Debug|Any CPU
		{1313430E-089D-014A-6ED0-237E031716B2}.Release|Any CPU.ActiveCfg = Release|Any CPU
		{1313430E-089D-014A-6ED0-237E031716B2}.Release|Any CPU.Build.0 = Release|Any CPU
		{0D8AB858-255B-85A7-DD3F-022F4654BC51}.Debug|Any CPU.ActiveCfg = Debug|Any CPU
		{0D8AB858-255B-85A7-DD3F-022F4654BC51}.Debug|Any CPU.Build.0 = Debug|Any CPU
		{0D8AB858-255B-85A7-DD3F-022F4654BC51}.Release|Any CPU.ActiveCfg = Release|Any CPU
		{0D8AB858-255B-85A7-DD3F-022F4654BC51}.Release|Any CPU.Build.0 = Release|Any CPU
	EndGlobalSection
	GlobalSection(SolutionProperties) = preSolution
		HideSolutionNode = FALSE
	EndGlobalSection
EndGlobal
